
Microsoft Visual Studio Solution File, Format Version 11.00
# Visual Studio 2010
Project("{E24C65DC-7377-472B-9ABA-BC803B73C61A}") = "sgit.pfogroup.net", "sgit.pfogroup.net\", "{9D824929-78BA-42E6-84D8-66396C92CD6E}"
	ProjectSection(WebsiteProperties) = preProject
		TargetFrameworkMoniker = ".NETFramework,Version%3Dv3.5"
		Debug.AspNetCompiler.VirtualPath = "/sgit.pfogroup.net"
		Debug.AspNetCompiler.PhysicalPath = "sgit.pfogroup.net\"
		Debug.AspNetCompiler.TargetPath = "PrecompiledWeb\sgit.pfogroup.net\"
		Debug.AspNetCompiler.Updateable = "true"
		Debug.AspNetCompiler.ForceOverwrite = "true"
		Debug.AspNetCompiler.FixedNames = "false"
		Debug.AspNetCompiler.Debug = "True"
		Release.AspNetCompiler.VirtualPath = "/sgit.pfogroup.net"
		Release.AspNetCompiler.PhysicalPath = "sgit.pfogroup.net\"
		Release.AspNetCompiler.TargetPath = "PrecompiledWeb\sgit.pfogroup.net\"
		Release.AspNetCompiler.Updateable = "true"
		Release.AspNetCompiler.ForceOverwrite = "true"
		Release.AspNetCompiler.FixedNames = "false"
		Release.AspNetCompiler.Debug = "False"
		VWDPort = "4114"
	EndProjectSection
EndProject
Global
	GlobalSection(SolutionConfigurationPlatforms) = preSolution
		Debug|Any CPU = Debug|Any CPU
	EndGlobalSection
	GlobalSection(ProjectConfigurationPlatforms) = postSolution
		{9D824929-78BA-42E6-84D8-66396C92CD6E}.Debug|Any CPU.ActiveCfg = Debug|Any CPU
		{9D824929-78BA-42E6-84D8-66396C92CD6E}.Debug|Any CPU.Build.0 = Debug|Any CPU
	EndGlobalSection
	GlobalSection(SolutionProperties) = preSolution
		HideSolutionNode = FALSE
	EndGlobalSection
EndGlobal
